
Microsoft Visual Studio Solution File, Format Version 12.00
# Visual Studio Version 17
VisualStudioVersion = 17.4.33213.308
MinimumVisualStudioVersion = 10.0.40219.1
Project("{9A19103F-16F7-4668-BE54-9A1E7A4F7556}") = "API", "DellentExercise\API.csproj", "{EAB04141-15C5-41E8-B2E2-02CC88812C98}"
EndProject
Project("{FAE04EC0-301F-11D3-BF4B-00C04F79EFBC}") = "API.UnitTests", "API.UnitTests\API.UnitTests.csproj", "{D73A444E-A403-456F-8AC8-A9C979E7FEFE}"
EndProject
Global
	GlobalSection(SolutionConfigurationPlatforms) = preSolution
		Debug|Any CPU = Debug|Any CPU
		Release|Any CPU = Release|Any CPU
	EndGlobalSection
	GlobalSection(ProjectConfigurationPlatforms) = postSolution
		{EAB04141-15C5-41E8-B2E2-02CC88812C98}.Debug|Any CPU.ActiveCfg = Debug|Any CPU
		{EAB04141-15C5-41E8-B2E2-02CC88812C98}.Debug|Any CPU.Build.0 = Debug|Any CPU
		{EAB04141-15C5-41E8-B2E2-02CC88812C98}.Release|Any CPU.ActiveCfg = Release|Any CPU
		{EAB04141-15C5-41E8-B2E2-02CC88812C98}.Release|Any CPU.Build.0 = Release|Any CPU
		{D73A444E-A403-456F-8AC8-A9C979E7FEFE}.Debug|Any CPU.ActiveCfg = Debug|Any CPU
		{D73A444E-A403-456F-8AC8-A9C979E7FEFE}.Debug|Any CPU.Build.0 = Debug|Any CPU
		{D73A444E-A403-456F-8AC8-A9C979E7FEFE}.Release|Any CPU.ActiveCfg = Release|Any CPU
		{D73A444E-A403-456F-8AC8-A9C979E7FEFE}.Release|Any CPU.Build.0 = Release|Any CPU
	EndGlobalSection
	GlobalSection(SolutionProperties) = preSolution
		HideSolutionNode = FALSE
	EndGlobalSection
	GlobalSection(ExtensibilityGlobals) = postSolution
		SolutionGuid = {47A82904-1C8F-4601-9B46-B64B6003D1E4}
	EndGlobalSection
EndGlobal
